# THIS IS AN AUTOGENERATED FILE. DO NOT EDIT THIS FILE DIRECTLY.
# yarn lockfile v1


"@shopify/theme-cart@^4.1.0":
  version "4.1.0"
  resolved "https://registry.yarnpkg.com/@shopify/theme-cart/-/theme-cart-4.1.0.tgz#eca2f2985a46af5c4d40f54be8db2b244edc1fc0"
  integrity sha512-g4A88V+CrnkHu1JtwB+r/MakJs9DBvHBzafYwijFhK13D959HhG4DYOD475JSted0QReft+ce4F7z5/cA5vIBw==
